// !$*UTF8*$!
{
	archiveVersion = 1;
	classes = {
	};
	objectVersion = 56;
	objects = {

/* Begin PBXBuildFile section */
		6A46F5E629D618D0004DD02A /* HeadlineCell.swift in Sources */ = {isa = PBXBuildFile; fileRef = 6A46F5E429D618D0004DD02A /* HeadlineCell.swift */; };
		6A46F5E729D618D0004DD02A /* HeadlineCell.xib in Resources */ = {isa = PBXBuildFile; fileRef = 6A46F5E529D618D0004DD02A /* HeadlineCell.xib */; };
		6A46F5EA29D61F05004DD02A /* RxCocoa in Frameworks */ = {isa = PBXBuildFile; productRef = 6A46F5E929D61F05004DD02A /* RxCocoa */; };
		6A46F5EC29D61F05004DD02A /* RxRelay in Frameworks */ = {isa = PBXBuildFile; productRef = 6A46F5EB29D61F05004DD02A /* RxRelay */; };
		6A46F5EE29D61F05004DD02A /* RxSwift in Frameworks */ = {isa = PBXBuildFile; productRef = 6A46F5ED29D61F05004DD02A /* RxSwift */; };
		6A46F5F129D61F7D004DD02A /* Differentiator in Frameworks */ = {isa = PBXBuildFile; productRef = 6A46F5F029D61F7D004DD02A /* Differentiator */; };
		6A46F5F329D61F7D004DD02A /* RxDataSources in Frameworks */ = {isa = PBXBuildFile; productRef = 6A46F5F229D61F7D004DD02A /* RxDataSources */; };
		6A46F5F629D62F5B004DD02A /* Fakery in Frameworks */ = {isa = PBXBuildFile; productRef = 6A46F5F529D62F5B004DD02A /* Fakery */; };
		6AC83AA229D606B0001DDFBB /* AppDelegate.swift in Sources */ = {isa = PBXBuildFile; fileRef = 6AC83AA129D606B0001DDFBB /* AppDelegate.swift */; };
		6AC83AA429D606B0001DDFBB /* SceneDelegate.swift in Sources */ = {isa = PBXBuildFile; fileRef = 6AC83AA329D606B0001DDFBB /* SceneDelegate.swift */; };
		6AC83AA629D606B0001DDFBB /* ViewController.swift in Sources */ = {isa = PBXBuildFile; fileRef = 6AC83AA529D606B0001DDFBB /* ViewController.swift */; };
		6AC83AA929D606B0001DDFBB /* Main.storyboard in Resources */ = {isa = PBXBuildFile; fileRef = 6AC83AA729D606B0001DDFBB /* Main.storyboard */; };
		6AC83AAB29D606B2001DDFBB /* Assets.xcassets in Resources */ = {isa = PBXBuildFile; fileRef = 6AC83AAA29D606B2001DDFBB /* Assets.xcassets */; };
		6AC83AAE29D606B2001DDFBB /* LaunchScreen.storyboard in Resources */ = {isa = PBXBuildFile; fileRef = 6AC83AAC29D606B2001DDFBB /* LaunchScreen.storyboard */; };
		6AC83ACD29D60A5A001DDFBB /* NewsService.swift in Sources */ = {isa = PBXBuildFile; fileRef = 6AC83ACC29D60A5A001DDFBB /* NewsService.swift */; };
		6AC83AD029D60B97001DDFBB /* TopStoryHeadline.swift in Sources */ = {isa = PBXBuildFile; fileRef = 6AC83ACF29D60B97001DDFBB /* TopStoryHeadline.swift */; };
		6AC83AD329D60F1D001DDFBB /* HeadlinesViewController.swift in Sources */ = {isa = PBXBuildFile; fileRef = 6AC83AD229D60F1D001DDFBB /* HeadlinesViewController.swift */; };
		6AC83AD529D60F73001DDFBB /* HeadlinesViewModel.swift in Sources */ = {isa = PBXBuildFile; fileRef = 6AC83AD429D60F73001DDFBB /* HeadlinesViewModel.swift */; };
		6AC83AD729D61468001DDFBB /* HeadlinesViewController.xib in Resources */ = {isa = PBXBuildFile; fileRef = 6AC83AD629D61468001DDFBB /* HeadlinesViewController.xib */; };
/* End PBXBuildFile section */

/* Begin PBXFileReference section */
		6A46F5E429D618D0004DD02A /* HeadlineCell.swift */ = {isa = PBXFileReference; lastKnownFileType = sourcecode.swift; path = HeadlineCell.swift; sourceTree = "<group>"; };
		6A46F5E529D618D0004DD02A /* HeadlineCell.xib */ = {isa = PBXFileReference; lastKnownFileType = file.xib; path = HeadlineCell.xib; sourceTree = "<group>"; };
		6AC83A9E29D606B0001DDFBB /* NewsApp.app */ = {isa = PBXFileReference; explicitFileType = wrapper.application; includeInIndex = 0; path = NewsApp.app; sourceTree = BUILT_PRODUCTS_DIR; };
		6AC83AA129D606B0001DDFBB /* AppDelegate.swift */ = {isa = PBXFileReference; lastKnownFileType = sourcecode.swift; path = AppDelegate.swift; sourceTree = "<group>"; };
		6AC83AA329D606B0001DDFBB /* SceneDelegate.swift */ = {isa = PBXFileReference; lastKnownFileType = sourcecode.swift; path = SceneDelegate.swift; sourceTree = "<group>"; };
		6AC83AA529D606B0001DDFBB /* ViewController.swift */ = {isa = PBXFileReference; lastKnownFileType = sourcecode.swift; path = ViewController.swift; sourceTree = "<group>"; };
		6AC83AA829D606B0001DDFBB /* Base */ = {isa = PBXFileReference; lastKnownFileType = file.storyboard; name = Base; path = Base.lproj/Main.storyboard; sourceTree = "<group>"; };
		6AC83AAA29D606B2001DDFBB /* Assets.xcassets */ = {isa = PBXFileReference; lastKnownFileType = folder.assetcatalog; path = Assets.xcassets; sourceTree = "<group>"; };
		6AC83AAD29D606B2001DDFBB /* Base */ = {isa = PBXFileReference; lastKnownFileType = file.storyboard; name = Base; path = Base.lproj/LaunchScreen.storyboard; sourceTree = "<group>"; };
		6AC83AAF29D606B2001DDFBB /* Info.plist */ = {isa = PBXFileReference; lastKnownFileType = text.plist.xml; path = Info.plist; sourceTree = "<group>"; };
		6AC83ACC29D60A5A001DDFBB /* NewsService.swift */ = {isa = PBXFileReference; lastKnownFileType = sourcecode.swift; path = NewsService.swift; sourceTree = "<group>"; };
		6AC83ACF29D60B97001DDFBB /* TopStoryHeadline.swift */ = {isa = PBXFileReference; lastKnownFileType = sourcecode.swift; path = TopStoryHeadline.swift; sourceTree = "<group>"; };
		6AC83AD229D60F1D001DDFBB /* HeadlinesViewController.swift */ = {isa = PBXFileReference; lastKnownFileType = sourcecode.swift; path = HeadlinesViewController.swift; sourceTree = "<group>"; };
		6AC83AD429D60F73001DDFBB /* HeadlinesViewModel.swift */ = {isa = PBXFileReference; lastKnownFileType = sourcecode.swift; path = HeadlinesViewModel.swift; sourceTree = "<group>"; };
		6AC83AD629D61468001DDFBB /* HeadlinesViewController.xib */ = {isa = PBXFileReference; lastKnownFileType = file.xib; path = HeadlinesViewController.xib; sourceTree = "<group>"; };
/* End PBXFileReference section */

/* Begin PBXFrameworksBuildPhase section */
		6AC83A9B29D606B0001DDFBB /* Frameworks */ = {
			isa = PBXFrameworksBuildPhase;
			buildActionMask = 2147483647;
			files = (
				6A46F5F129D61F7D004DD02A /* Differentiator in Frameworks */,
				6A46F5EE29D61F05004DD02A /* RxSwift in Frameworks */,
				6A46F5F629D62F5B004DD02A /* Fakery in Frameworks */,
				6A46F5EC29D61F05004DD02A /* RxRelay in Frameworks */,
				6A46F5F329D61F7D004DD02A /* RxDataSources in Frameworks */,
				6A46F5EA29D61F05004DD02A /* RxCocoa in Frameworks */,
			);
			runOnlyForDeploymentPostprocessing = 0;
		};
/* End PBXFrameworksBuildPhase section */

/* Begin PBXGroup section */
		6A46F5E129D617A0004DD02A /* Views */ = {
			isa = PBXGroup;
			children = (
				6A46F5E429D618D0004DD02A /* HeadlineCell.swift */,
				6A46F5E529D618D0004DD02A /* HeadlineCell.xib */,
			);
			path = Views;
			sourceTree = "<group>";
		};
		6AC83A9529D606B0001DDFBB = {
			isa = PBXGroup;
			children = (
				6AC83AA029D606B0001DDFBB /* NewsApp */,
				6AC83A9F29D606B0001DDFBB /* Products */,
			);
			sourceTree = "<group>";
		};
		6AC83A9F29D606B0001DDFBB /* Products */ = {
			isa = PBXGroup;
			children = (
				6AC83A9E29D606B0001DDFBB /* NewsApp.app */,
			);
			name = Products;
			sourceTree = "<group>";
		};
		6AC83AA029D606B0001DDFBB /* NewsApp */ = {
			isa = PBXGroup;
			children = (
				6AC83AA129D606B0001DDFBB /* AppDelegate.swift */,
				6AC83AA329D606B0001DDFBB /* SceneDelegate.swift */,
				6AC83AA529D606B0001DDFBB /* ViewController.swift */,
				6AC83ACE29D60B7D001DDFBB /* Entities */,
				6AC83AB829D6077B001DDFBB /* Helpers */,
				6AC83AB929D60790001DDFBB /* Extensions */,
				6AC83AB629D60723001DDFBB /* Scenes */,
				6AC83AB529D606FB001DDFBB /* Services */,
				6AC83AB729D60749001DDFBB /* Resources */,
				6AC83AAF29D606B2001DDFBB /* Info.plist */,
			);
			path = NewsApp;
			sourceTree = "<group>";
		};
		6AC83AB529D606FB001DDFBB /* Services */ = {
			isa = PBXGroup;
			children = (
				6AC83ACB29D60A39001DDFBB /* News */,
			);
			path = Services;
			sourceTree = "<group>";
		};
		6AC83AB629D60723001DDFBB /* Scenes */ = {
			isa = PBXGroup;
			children = (
				6AC83AD129D60ED1001DDFBB /* HedlinesView */,
			);
			path = Scenes;
			sourceTree = "<group>";
		};
		6AC83AB729D60749001DDFBB /* Resources */ = {
			isa = PBXGroup;
			children = (
				6AC83AA729D606B0001DDFBB /* Main.storyboard */,
				6AC83AAA29D606B2001DDFBB /* Assets.xcassets */,
				6AC83AAC29D606B2001DDFBB /* LaunchScreen.storyboard */,
			);
			path = Resources;
			sourceTree = "<group>";
		};
		6AC83AB829D6077B001DDFBB /* Helpers */ = {
			isa = PBXGroup;
			children = (
			);
			path = Helpers;
			sourceTree = "<group>";
		};
		6AC83AB929D60790001DDFBB /* Extensions */ = {
			isa = PBXGroup;
			children = (
			);
			path = Extensions;
			sourceTree = "<group>";
		};
		6AC83ACB29D60A39001DDFBB /* News */ = {
			isa = PBXGroup;
			children = (
				6AC83ACC29D60A5A001DDFBB /* NewsService.swift */,
			);
			path = News;
			sourceTree = "<group>";
		};
		6AC83ACE29D60B7D001DDFBB /* Entities */ = {
			isa = PBXGroup;
			children = (
				6AC83ACF29D60B97001DDFBB /* TopStoryHeadline.swift */,
			);
			path = Entities;
			sourceTree = "<group>";
		};
		6AC83AD129D60ED1001DDFBB /* HedlinesView */ = {
			isa = PBXGroup;
			children = (
				6A46F5E129D617A0004DD02A /* Views */,
				6AC83AD629D61468001DDFBB /* HeadlinesViewController.xib */,
				6AC83AD229D60F1D001DDFBB /* HeadlinesViewController.swift */,
				6AC83AD429D60F73001DDFBB /* HeadlinesViewModel.swift */,
			);
			path = HedlinesView;
			sourceTree = "<group>";
		};
/* End PBXGroup section */

/* Begin PBXNativeTarget section */
		6AC83A9D29D606B0001DDFBB /* NewsApp */ = {
			isa = PBXNativeTarget;
			buildConfigurationList = 6AC83AB229D606B2001DDFBB /* Build configuration list for PBXNativeTarget "NewsApp" */;
			buildPhases = (
				6AC83A9A29D606B0001DDFBB /* Sources */,
				6AC83A9B29D606B0001DDFBB /* Frameworks */,
				6AC83A9C29D606B0001DDFBB /* Resources */,
			);
			buildRules = (
			);
			dependencies = (
			);
			name = NewsApp;
			packageProductDependencies = (
				6A46F5E929D61F05004DD02A /* RxCocoa */,
				6A46F5EB29D61F05004DD02A /* RxRelay */,
				6A46F5ED29D61F05004DD02A /* RxSwift */,
				6A46F5F029D61F7D004DD02A /* Differentiator */,
				6A46F5F229D61F7D004DD02A /* RxDataSources */,
				6A46F5F529D62F5B004DD02A /* Fakery */,
			);
			productName = NewsApp;
			productReference = 6AC83A9E29D606B0001DDFBB /* NewsApp.app */;
			productType = "com.apple.product-type.application";
		};
/* End PBXNativeTarget section */

/* Begin PBXProject section */
		6AC83A9629D606B0001DDFBB /* Project object */ = {
			isa = PBXProject;
			attributes = {
				BuildIndependentTargetsInParallel = 1;
				LastSwiftUpdateCheck = 1420;
				LastUpgradeCheck = 1420;
				TargetAttributes = {
					6AC83A9D29D606B0001DDFBB = {
						CreatedOnToolsVersion = 14.2;
					};
				};
			};
			buildConfigurationList = 6AC83A9929D606B0001DDFBB /* Build configuration list for PBXProject "NewsApp" */;
			compatibilityVersion = "Xcode 14.0";
			developmentRegion = en;
			hasScannedForEncodings = 0;
			knownRegions = (
				en,
				Base,
			);
			mainGroup = 6AC83A9529D606B0001DDFBB;
			packageReferences = (
				6A46F5E829D61F05004DD02A /* XCRemoteSwiftPackageReference "RxSwift" */,
				6A46F5EF29D61F7D004DD02A /* XCRemoteSwiftPackageReference "RxDataSources" */,
				6A46F5F429D62F5B004DD02A /* XCRemoteSwiftPackageReference "Fakery" */,
			);
			productRefGroup = 6AC83A9F29D606B0001DDFBB /* Products */;
			projectDirPath = "";
			projectRoot = "";
			targets = (
				6AC83A9D29D606B0001DDFBB /* NewsApp */,
			);
		};
/* End PBXProject section */

/* Begin PBXResourcesBuildPhase section */
		6AC83A9C29D606B0001DDFBB /* Resources */ = {
			isa = PBXResourcesBuildPhase;
			buildActionMask = 2147483647;
			files = (
				6AC83AD729D61468001DDFBB /* HeadlinesViewController.xib in Resources */,
				6A46F5E729D618D0004DD02A /* HeadlineCell.xib in Resources */,
				6AC83AAE29D606B2001DDFBB /* LaunchScreen.storyboard in Resources */,
				6AC83AAB29D606B2001DDFBB /* Assets.xcassets in Resources */,
				6AC83AA929D606B0001DDFBB /* Main.storyboard in Resources */,
			);
			runOnlyForDeploymentPostprocessing = 0;
		};
/* End PBXResourcesBuildPhase section */

/* Begin PBXSourcesBuildPhase section */
		6AC83A9A29D606B0001DDFBB /* Sources */ = {
			isa = PBXSourcesBuildPhase;
			buildActionMask = 2147483647;
			files = (
				6AC83AD029D60B97001DDFBB /* TopStoryHeadline.swift in Sources */,
				6AC83AA629D606B0001DDFBB /* ViewController.swift in Sources */,
				6AC83AD329D60F1D001DDFBB /* HeadlinesViewController.swift in Sources */,
				6AC83AA229D606B0001DDFBB /* AppDelegate.swift in Sources */,
				6AC83ACD29D60A5A001DDFBB /* NewsService.swift in Sources */,
				6AC83AD529D60F73001DDFBB /* HeadlinesViewModel.swift in Sources */,
				6AC83AA429D606B0001DDFBB /* SceneDelegate.swift in Sources */,
				6A46F5E629D618D0004DD02A /* HeadlineCell.swift in Sources */,
			);
			runOnlyForDeploymentPostprocessing = 0;
		};
/* End PBXSourcesBuildPhase section */

/* Begin PBXVariantGroup section */
		6AC83AA729D606B0001DDFBB /* Main.storyboard */ = {
			isa = PBXVariantGroup;
			children = (
				6AC83AA829D606B0001DDFBB /* Base */,
			);
			name = Main.storyboard;
			sourceTree = "<group>";
		};
		6AC83AAC29D606B2001DDFBB /* LaunchScreen.storyboard */ = {
			isa = PBXVariantGroup;
			children = (
				6AC83AAD29D606B2001DDFBB /* Base */,
			);
			name = LaunchScreen.storyboard;
			sourceTree = "<group>";
		};
/* End PBXVariantGroup section */

/* Begin XCBuildConfiguration section */
		6AC83AB029D606B2001DDFBB /* Debug */ = {
			isa = XCBuildConfiguration;
			buildSettings = {
				ALWAYS_SEARCH_USER_PATHS = NO;
				CLANG_ANALYZER_NONNULL = YES;
				CLANG_ANALYZER_NUMBER_OBJECT_CONVERSION = YES_AGGRESSIVE;
				CLANG_CXX_LANGUAGE_STANDARD = "gnu++20";
				CLANG_ENABLE_MODULES = YES;
				CLANG_ENABLE_OBJC_ARC = YES;
				CLANG_ENABLE_OBJC_WEAK = YES;
				CLANG_WARN_BLOCK_CAPTURE_AUTORELEASING = YES;
				CLANG_WARN_BOOL_CONVERSION = YES;
				CLANG_WARN_COMMA = YES;
				CLANG_WARN_CONSTANT_CONVERSION = YES;
				CLANG_WARN_DEPRECATED_OBJC_IMPLEMENTATIONS = YES;
				CLANG_WARN_DIRECT_OBJC_ISA_USAGE = YES_ERROR;
				CLANG_WARN_DOCUMENTATION_COMMENTS = YES;
				CLANG_WARN_EMPTY_BODY = YES;
				CLANG_WARN_ENUM_CONVERSION = YES;
				CLANG_WARN_INFINITE_RECURSION = YES;
				CLANG_WARN_INT_CONVERSION = YES;
				CLANG_WARN_NON_LITERAL_NULL_CONVERSION = YES;
				CLANG_WARN_OBJC_IMPLICIT_RETAIN_SELF = YES;
				CLANG_WARN_OBJC_LITERAL_CONVERSION = YES;
				CLANG_WARN_OBJC_ROOT_CLASS = YES_ERROR;
				CLANG_WARN_QUOTED_INCLUDE_IN_FRAMEWORK_HEADER = YES;
				CLANG_WARN_RANGE_LOOP_ANALYSIS = YES;
				CLANG_WARN_STRICT_PROTOTYPES = YES;
				CLANG_WARN_SUSPICIOUS_MOVE = YES;
				CLANG_WARN_UNGUARDED_AVAILABILITY = YES_AGGRESSIVE;
				CLANG_WARN_UNREACHABLE_CODE = YES;
				CLANG_WARN__DUPLICATE_METHOD_MATCH = YES;
				COPY_PHASE_STRIP = NO;
				DEBUG_INFORMATION_FORMAT = dwarf;
				ENABLE_STRICT_OBJC_MSGSEND = YES;
				ENABLE_TESTABILITY = YES;
				GCC_C_LANGUAGE_STANDARD = gnu11;
				GCC_DYNAMIC_NO_PIC = NO;
				GCC_NO_COMMON_BLOCKS = YES;
				GCC_OPTIMIZATION_LEVEL = 0;
				GCC_PREPROCESSOR_DEFINITIONS = (
					"DEBUG=1",
					"$(inherited)",
				);
				GCC_WARN_64_TO_32_BIT_CONVERSION = YES;
				GCC_WARN_ABOUT_RETURN_TYPE = YES_ERROR;
				GCC_WARN_UNDECLARED_SELECTOR = YES;
				GCC_WARN_UNINITIALIZED_AUTOS = YES_AGGRESSIVE;
				GCC_WARN_UNUSED_FUNCTION = YES;
				GCC_WARN_UNUSED_VARIABLE = YES;
				IPHONEOS_DEPLOYMENT_TARGET = 16.2;
				MTL_ENABLE_DEBUG_INFO = INCLUDE_SOURCE;
				MTL_FAST_MATH = YES;
				ONLY_ACTIVE_ARCH = YES;
				SDKROOT = iphoneos;
				SWIFT_ACTIVE_COMPILATION_CONDITIONS = DEBUG;
				SWIFT_OPTIMIZATION_LEVEL = "-Onone";
			};
			name = Debug;
		};
		6AC83AB129D606B2001DDFBB /* Release */ = {
			isa = XCBuildConfiguration;
			buildSettings = {
				ALWAYS_SEARCH_USER_PATHS = NO;
				CLANG_ANALYZER_NONNULL = YES;
				CLANG_ANALYZER_NUMBER_OBJECT_CONVERSION = YES_AGGRESSIVE;
				CLANG_CXX_LANGUAGE_STANDARD = "gnu++20";
				CLANG_ENABLE_MODULES = YES;
				CLANG_ENABLE_OBJC_ARC = YES;
				CLANG_ENABLE_OBJC_WEAK = YES;
				CLANG_WARN_BLOCK_CAPTURE_AUTORELEASING = YES;
				CLANG_WARN_BOOL_CONVERSION = YES;
				CLANG_WARN_COMMA = YES;
				CLANG_WARN_CONSTANT_CONVERSION = YES;
				CLANG_WARN_DEPRECATED_OBJC_IMPLEMENTATIONS = YES;
				CLANG_WARN_DIRECT_OBJC_ISA_USAGE = YES_ERROR;
				CLANG_WARN_DOCUMENTATION_COMMENTS = YES;
				CLANG_WARN_EMPTY_BODY = YES;
				CLANG_WARN_ENUM_CONVERSION = YES;
				CLANG_WARN_INFINITE_RECURSION = YES;
				CLANG_WARN_INT_CONVERSION = YES;
				CLANG_WARN_NON_LITERAL_NULL_CONVERSION = YES;
				CLANG_WARN_OBJC_IMPLICIT_RETAIN_SELF = YES;
				CLANG_WARN_OBJC_LITERAL_CONVERSION = YES;
				CLANG_WARN_OBJC_ROOT_CLASS = YES_ERROR;
				CLANG_WARN_QUOTED_INCLUDE_IN_FRAMEWORK_HEADER = YES;
				CLANG_WARN_RANGE_LOOP_ANALYSIS = YES;
				CLANG_WARN_STRICT_PROTOTYPES = YES;
				CLANG_WARN_SUSPICIOUS_MOVE = YES;
				CLANG_WARN_UNGUARDED_AVAILABILITY = YES_AGGRESSIVE;
				CLANG_WARN_UNREACHABLE_CODE = YES;
				CLANG_WARN__DUPLICATE_METHOD_MATCH = YES;
				COPY_PHASE_STRIP = NO;
				DEBUG_INFORMATION_FORMAT = "dwarf-with-dsym";
				ENABLE_NS_ASSERTIONS = NO;
				ENABLE_STRICT_OBJC_MSGSEND = YES;
				GCC_C_LANGUAGE_STANDARD = gnu11;
				GCC_NO_COMMON_BLOCKS = YES;
				GCC_WARN_64_TO_32_BIT_CONVERSION = YES;
				GCC_WARN_ABOUT_RETURN_TYPE = YES_ERROR;
				GCC_WARN_UNDECLARED_SELECTOR = YES;
				GCC_WARN_UNINITIALIZED_AUTOS = YES_AGGRESSIVE;
				GCC_WARN_UNUSED_FUNCTION = YES;
				GCC_WARN_UNUSED_VARIABLE = YES;
				IPHONEOS_DEPLOYMENT_TARGET = 16.2;
				MTL_ENABLE_DEBUG_INFO = NO;
				MTL_FAST_MATH = YES;
				SDKROOT = iphoneos;
				SWIFT_COMPILATION_MODE = wholemodule;
				SWIFT_OPTIMIZATION_LEVEL = "-O";
				VALIDATE_PRODUCT = YES;
			};
			name = Release;
		};
		6AC83AB329D606B2001DDFBB /* Debug */ = {
			isa = XCBuildConfiguration;
			buildSettings = {
				ASSETCATALOG_COMPILER_APPICON_NAME = AppIcon;
				ASSETCATALOG_COMPILER_GLOBAL_ACCENT_COLOR_NAME = AccentColor;
				CODE_SIGN_STYLE = Automatic;
				CURRENT_PROJECT_VERSION = 1;
				DEVELOPMENT_TEAM = 9PCQ5XC84W;
				GENERATE_INFOPLIST_FILE = YES;
				INFOPLIST_FILE = NewsApp/Info.plist;
				INFOPLIST_KEY_UIApplicationSupportsIndirectInputEvents = YES;
				INFOPLIST_KEY_UILaunchStoryboardName = LaunchScreen;
				INFOPLIST_KEY_UIMainStoryboardFile = Main;
				INFOPLIST_KEY_UISupportedInterfaceOrientations_iPad = "UIInterfaceOrientationPortrait UIInterfaceOrientationPortraitUpsideDown UIInterfaceOrientationLandscapeLeft UIInterfaceOrientationLandscapeRight";
				INFOPLIST_KEY_UISupportedInterfaceOrientations_iPhone = "UIInterfaceOrientationPortrait UIInterfaceOrientationLandscapeLeft UIInterfaceOrientationLandscapeRight";
				LD_RUNPATH_SEARCH_PATHS = (
					"$(inherited)",
					"@executable_path/Frameworks",
				);
				MARKETING_VERSION = 1.0;
				PRODUCT_BUNDLE_IDENTIFIER = io.github.mustafos.NewsApp;
				PRODUCT_NAME = "$(TARGET_NAME)";
				SWIFT_EMIT_LOC_STRINGS = YES;
				SWIFT_VERSION = 5.0;
				TARGETED_DEVICE_FAMILY = "1,2";
			};
			name = Debug;
		};
		6AC83AB429D606B2001DDFBB /* Release */ = {
			isa = XCBuildConfiguration;
			buildSettings = {
				ASSETCATALOG_COMPILER_APPICON_NAME = AppIcon;
				ASSETCATALOG_COMPILER_GLOBAL_ACCENT_COLOR_NAME = AccentColor;
				CODE_SIGN_STYLE = Automatic;
				CURRENT_PROJECT_VERSION = 1;
				DEVELOPMENT_TEAM = 9PCQ5XC84W;
				GENERATE_INFOPLIST_FILE = YES;
				INFOPLIST_FILE = NewsApp/Info.plist;
				INFOPLIST_KEY_UIApplicationSupportsIndirectInputEvents = YES;
				INFOPLIST_KEY_UILaunchStoryboardName = LaunchScreen;
				INFOPLIST_KEY_UIMainStoryboardFile = Main;
				INFOPLIST_KEY_UISupportedInterfaceOrientations_iPad = "UIInterfaceOrientationPortrait UIInterfaceOrientationPortraitUpsideDown UIInterfaceOrientationLandscapeLeft UIInterfaceOrientationLandscapeRight";
				INFOPLIST_KEY_UISupportedInterfaceOrientations_iPhone = "UIInterfaceOrientationPortrait UIInterfaceOrientationLandscapeLeft UIInterfaceOrientationLandscapeRight";
				LD_RUNPATH_SEARCH_PATHS = (
					"$(inherited)",
					"@executable_path/Frameworks",
				);
				MARKETING_VERSION = 1.0;
				PRODUCT_BUNDLE_IDENTIFIER = io.github.mustafos.NewsApp;
				PRODUCT_NAME = "$(TARGET_NAME)";
				SWIFT_EMIT_LOC_STRINGS = YES;
				SWIFT_VERSION = 5.0;
				TARGETED_DEVICE_FAMILY = "1,2";
			};
			name = Release;
		};
/* End XCBuildConfiguration section */

/* Begin XCConfigurationList section */
		6AC83A9929D606B0001DDFBB /* Build configuration list for PBXProject "NewsApp" */ = {
			isa = XCConfigurationList;
			buildConfigurations = (
				6AC83AB029D606B2001DDFBB /* Debug */,
				6AC83AB129D606B2001DDFBB /* Release */,
			);
			defaultConfigurationIsVisible = 0;
			defaultConfigurationName = Release;
		};
		6AC83AB229D606B2001DDFBB /* Build configuration list for PBXNativeTarget "NewsApp" */ = {
			isa = XCConfigurationList;
			buildConfigurations = (
				6AC83AB329D606B2001DDFBB /* Debug */,
				6AC83AB429D606B2001DDFBB /* Release */,
			);
			defaultConfigurationIsVisible = 0;
			defaultConfigurationName = Release;
		};
/* End XCConfigurationList section */

/* Begin XCRemoteSwiftPackageReference section */
		6A46F5E829D61F05004DD02A /* XCRemoteSwiftPackageReference "RxSwift" */ = {
			isa = XCRemoteSwiftPackageReference;
			repositoryURL = "https://github.com/ReactiveX/RxSwift.git";
			requirement = {
				kind = upToNextMajorVersion;
				minimumVersion = 6.0.0;
			};
		};
		6A46F5EF29D61F7D004DD02A /* XCRemoteSwiftPackageReference "RxDataSources" */ = {
			isa = XCRemoteSwiftPackageReference;
			repositoryURL = "https://github.com/RxSwiftCommunity/RxDataSources.git";
			requirement = {
				kind = upToNextMajorVersion;
				minimumVersion = 5.0.0;
			};
		};
		6A46F5F429D62F5B004DD02A /* XCRemoteSwiftPackageReference "Fakery" */ = {
			isa = XCRemoteSwiftPackageReference;
			repositoryURL = "https://github.com/vadymmarkov/Fakery";
			requirement = {
				kind = upToNextMajorVersion;
				minimumVersion = 5.0.0;
			};
		};
/* End XCRemoteSwiftPackageReference section */

/* Begin XCSwiftPackageProductDependency section */
		6A46F5E929D61F05004DD02A /* RxCocoa */ = {
			isa = XCSwiftPackageProductDependency;
			package = 6A46F5E829D61F05004DD02A /* XCRemoteSwiftPackageReference "RxSwift" */;
			productName = RxCocoa;
		};
		6A46F5EB29D61F05004DD02A /* RxRelay */ = {
			isa = XCSwiftPackageProductDependency;
			package = 6A46F5E829D61F05004DD02A /* XCRemoteSwiftPackageReference "RxSwift" */;
			productName = RxRelay;
		};
		6A46F5ED29D61F05004DD02A /* RxSwift */ = {
			isa = XCSwiftPackageProductDependency;
			package = 6A46F5E829D61F05004DD02A /* XCRemoteSwiftPackageReference "RxSwift" */;
			productName = RxSwift;
		};
		6A46F5F029D61F7D004DD02A /* Differentiator */ = {
			isa = XCSwiftPackageProductDependency;
			package = 6A46F5EF29D61F7D004DD02A /* XCRemoteSwiftPackageReference "RxDataSources" */;
			productName = Differentiator;
		};
		6A46F5F229D61F7D004DD02A /* RxDataSources */ = {
			isa = XCSwiftPackageProductDependency;
			package = 6A46F5EF29D61F7D004DD02A /* XCRemoteSwiftPackageReference "RxDataSources" */;
			productName = RxDataSources;
		};
		6A46F5F529D62F5B004DD02A /* Fakery */ = {
			isa = XCSwiftPackageProductDependency;
			package = 6A46F5F429D62F5B004DD02A /* XCRemoteSwiftPackageReference "Fakery" */;
			productName = Fakery;
		};
/* End XCSwiftPackageProductDependency section */
	};
	rootObject = 6AC83A9629D606B0001DDFBB /* Project object */;
}
