// !$*UTF8*$!
{
	archiveVersion = 1;
	classes = {
	};
	objectVersion = 56;
	objects = {

/* Begin PBXBuildFile section */
		6A09FA422A00198E00DE3D10 /* UserCell.swift in Sources */ = {isa = PBXBuildFile; fileRef = 6A09FA412A00198E00DE3D10 /* UserCell.swift */; };
		6A3ACD322A0D15B8002EAD3D /* Message.swift in Sources */ = {isa = PBXBuildFile; fileRef = 6A3ACD312A0D15B8002EAD3D /* Message.swift */; };
		6A3ACD342A0D19F0002EAD3D /* MessageViewModel.swift in Sources */ = {isa = PBXBuildFile; fileRef = 6A3ACD332A0D19F0002EAD3D /* MessageViewModel.swift */; };
		6A41DCD729F44395006F5420 /* LoginController.swift in Sources */ = {isa = PBXBuildFile; fileRef = 6A41DCD629F44395006F5420 /* LoginController.swift */; };
		6A41DCD929F443AC006F5420 /* RegistrationController.swift in Sources */ = {isa = PBXBuildFile; fileRef = 6A41DCD829F443AC006F5420 /* RegistrationController.swift */; };
		6A41DCDB29F449D1006F5420 /* Extensions.swift in Sources */ = {isa = PBXBuildFile; fileRef = 6A41DCDA29F449D1006F5420 /* Extensions.swift */; };
		6A553D4B29F2F83900C715AA /* AppDelegate.swift in Sources */ = {isa = PBXBuildFile; fileRef = 6A553D4A29F2F83900C715AA /* AppDelegate.swift */; };
		6A553D4D29F2F83900C715AA /* SceneDelegate.swift in Sources */ = {isa = PBXBuildFile; fileRef = 6A553D4C29F2F83900C715AA /* SceneDelegate.swift */; };
		6A553D4F29F2F83900C715AA /* ViewController.swift in Sources */ = {isa = PBXBuildFile; fileRef = 6A553D4E29F2F83900C715AA /* ViewController.swift */; };
		6A553D5229F2F83900C715AA /* Main.storyboard in Resources */ = {isa = PBXBuildFile; fileRef = 6A553D5029F2F83900C715AA /* Main.storyboard */; };
		6A553D5429F2F83A00C715AA /* Assets.xcassets in Resources */ = {isa = PBXBuildFile; fileRef = 6A553D5329F2F83A00C715AA /* Assets.xcassets */; };
		6A553D5729F2F83A00C715AA /* LaunchScreen.storyboard in Resources */ = {isa = PBXBuildFile; fileRef = 6A553D5529F2F83A00C715AA /* LaunchScreen.storyboard */; };
		6A553D6029F2F89600C715AA /* ConversationController.swift in Sources */ = {isa = PBXBuildFile; fileRef = 6A553D5F29F2F89600C715AA /* ConversationController.swift */; };
		6A608CD12A06CEBF00437BD8 /* CustomImputAccessoryView.swift in Sources */ = {isa = PBXBuildFile; fileRef = 6A608CD02A06CEBF00437BD8 /* CustomImputAccessoryView.swift */; };
		6A714CC429F5328E0000E882 /* InputContainerView.swift in Sources */ = {isa = PBXBuildFile; fileRef = 6A714CC329F5328E0000E882 /* InputContainerView.swift */; };
		6A714CC629F532AD0000E882 /* CustomTextField.swift in Sources */ = {isa = PBXBuildFile; fileRef = 6A714CC529F532AD0000E882 /* CustomTextField.swift */; };
		6A756D862A00286E00A57C9D /* User.swift in Sources */ = {isa = PBXBuildFile; fileRef = 6A756D852A00286E00A57C9D /* User.swift */; };
		6A756D882A00288100A57C9D /* Service.swift in Sources */ = {isa = PBXBuildFile; fileRef = 6A756D872A00288100A57C9D /* Service.swift */; };
		6A8950212A1421C300BAAE47 /* ConversationCell.swift in Sources */ = {isa = PBXBuildFile; fileRef = 6A8950202A1421C300BAAE47 /* ConversationCell.swift */; };
		6A8950232A1427DE00BAAE47 /* ConversationViewModel.swift in Sources */ = {isa = PBXBuildFile; fileRef = 6A8950222A1427DE00BAAE47 /* ConversationViewModel.swift */; };
		6A9108E92A0EA64700D70DAC /* Constants.swift in Sources */ = {isa = PBXBuildFile; fileRef = 6A9108E82A0EA64700D70DAC /* Constants.swift */; };
		6A92B63C29FC087E00A01706 /* GoogleService-Info.plist in Resources */ = {isa = PBXBuildFile; fileRef = 6A92B63B29FC087E00A01706 /* GoogleService-Info.plist */; };
		6A92B63F29FC096200A01706 /* FirebaseAuth in Frameworks */ = {isa = PBXBuildFile; productRef = 6A92B63E29FC096200A01706 /* FirebaseAuth */; };
		6A92B64129FC096200A01706 /* FirebaseDatabase in Frameworks */ = {isa = PBXBuildFile; productRef = 6A92B64029FC096200A01706 /* FirebaseDatabase */; };
		6A92B64329FC096200A01706 /* FirebaseFirestore in Frameworks */ = {isa = PBXBuildFile; productRef = 6A92B64229FC096200A01706 /* FirebaseFirestore */; };
		6A92B64529FC096200A01706 /* FirebaseMessaging in Frameworks */ = {isa = PBXBuildFile; productRef = 6A92B64429FC096200A01706 /* FirebaseMessaging */; };
		6A92B64729FC096200A01706 /* FirebaseStorage in Frameworks */ = {isa = PBXBuildFile; productRef = 6A92B64629FC096200A01706 /* FirebaseStorage */; };
		6A92B64A29FC09AD00A01706 /* SDWebImage in Frameworks */ = {isa = PBXBuildFile; productRef = 6A92B64929FC09AD00A01706 /* SDWebImage */; };
		6A92B64D29FC0A2800A01706 /* JGProgressHUD in Frameworks */ = {isa = PBXBuildFile; productRef = 6A92B64C29FC0A2800A01706 /* JGProgressHUD */; };
		6A96318D2A0D0F6200A4C7F2 /* MessageCell.swift in Sources */ = {isa = PBXBuildFile; fileRef = 6A96318C2A0D0F6200A4C7F2 /* MessageCell.swift */; };
		6A9A376729FAEE6A00809FD4 /* RegistrationViewModel.swift in Sources */ = {isa = PBXBuildFile; fileRef = 6A9A376629FAEE6A00809FD4 /* RegistrationViewModel.swift */; };
		6AA7E8F529FEEFBC00C3A31A /* NewMessageController.swift in Sources */ = {isa = PBXBuildFile; fileRef = 6AA7E8F429FEEFBC00C3A31A /* NewMessageController.swift */; };
		6AA9EC0729FD9370000BE32E /* AuthService.swift in Sources */ = {isa = PBXBuildFile; fileRef = 6AA9EC0629FD9370000BE32E /* AuthService.swift */; };
		6AC11C742A06C48C009C88A4 /* ChatController.swift in Sources */ = {isa = PBXBuildFile; fileRef = 6AC11C732A06C48C009C88A4 /* ChatController.swift */; };
		6AFFA9A729F6F68900EA2BD7 /* LoginViewModel.swift in Sources */ = {isa = PBXBuildFile; fileRef = 6AFFA9A629F6F68900EA2BD7 /* LoginViewModel.swift */; };
/* End PBXBuildFile section */

/* Begin PBXFileReference section */
		6A09FA412A00198E00DE3D10 /* UserCell.swift */ = {isa = PBXFileReference; lastKnownFileType = sourcecode.swift; path = UserCell.swift; sourceTree = "<group>"; };
		6A3ACD312A0D15B8002EAD3D /* Message.swift */ = {isa = PBXFileReference; lastKnownFileType = sourcecode.swift; path = Message.swift; sourceTree = "<group>"; };
		6A3ACD332A0D19F0002EAD3D /* MessageViewModel.swift */ = {isa = PBXFileReference; lastKnownFileType = sourcecode.swift; path = MessageViewModel.swift; sourceTree = "<group>"; };
		6A41DCD629F44395006F5420 /* LoginController.swift */ = {isa = PBXFileReference; lastKnownFileType = sourcecode.swift; path = LoginController.swift; sourceTree = "<group>"; };
		6A41DCD829F443AC006F5420 /* RegistrationController.swift */ = {isa = PBXFileReference; lastKnownFileType = sourcecode.swift; path = RegistrationController.swift; sourceTree = "<group>"; };
		6A41DCDA29F449D1006F5420 /* Extensions.swift */ = {isa = PBXFileReference; lastKnownFileType = sourcecode.swift; path = Extensions.swift; sourceTree = "<group>"; };
		6A553D4729F2F83900C715AA /* ChatApp.app */ = {isa = PBXFileReference; explicitFileType = wrapper.application; includeInIndex = 0; path = ChatApp.app; sourceTree = BUILT_PRODUCTS_DIR; };
		6A553D4A29F2F83900C715AA /* AppDelegate.swift */ = {isa = PBXFileReference; lastKnownFileType = sourcecode.swift; path = AppDelegate.swift; sourceTree = "<group>"; };
		6A553D4C29F2F83900C715AA /* SceneDelegate.swift */ = {isa = PBXFileReference; lastKnownFileType = sourcecode.swift; path = SceneDelegate.swift; sourceTree = "<group>"; };
		6A553D4E29F2F83900C715AA /* ViewController.swift */ = {isa = PBXFileReference; lastKnownFileType = sourcecode.swift; path = ViewController.swift; sourceTree = "<group>"; };
		6A553D5129F2F83900C715AA /* Base */ = {isa = PBXFileReference; lastKnownFileType = file.storyboard; name = Base; path = Base.lproj/Main.storyboard; sourceTree = "<group>"; };
		6A553D5329F2F83A00C715AA /* Assets.xcassets */ = {isa = PBXFileReference; lastKnownFileType = folder.assetcatalog; path = Assets.xcassets; sourceTree = "<group>"; };
		6A553D5629F2F83A00C715AA /* Base */ = {isa = PBXFileReference; lastKnownFileType = file.storyboard; name = Base; path = Base.lproj/LaunchScreen.storyboard; sourceTree = "<group>"; };
		6A553D5829F2F83A00C715AA /* Info.plist */ = {isa = PBXFileReference; lastKnownFileType = text.plist.xml; path = Info.plist; sourceTree = "<group>"; };
		6A553D5F29F2F89600C715AA /* ConversationController.swift */ = {isa = PBXFileReference; lastKnownFileType = sourcecode.swift; path = ConversationController.swift; sourceTree = "<group>"; };
		6A608CD02A06CEBF00437BD8 /* CustomImputAccessoryView.swift */ = {isa = PBXFileReference; lastKnownFileType = sourcecode.swift; path = CustomImputAccessoryView.swift; sourceTree = "<group>"; };
		6A714CC329F5328E0000E882 /* InputContainerView.swift */ = {isa = PBXFileReference; lastKnownFileType = sourcecode.swift; path = InputContainerView.swift; sourceTree = "<group>"; };
		6A714CC529F532AD0000E882 /* CustomTextField.swift */ = {isa = PBXFileReference; lastKnownFileType = sourcecode.swift; path = CustomTextField.swift; sourceTree = "<group>"; };
		6A756D852A00286E00A57C9D /* User.swift */ = {isa = PBXFileReference; lastKnownFileType = sourcecode.swift; path = User.swift; sourceTree = "<group>"; };
		6A756D872A00288100A57C9D /* Service.swift */ = {isa = PBXFileReference; lastKnownFileType = sourcecode.swift; path = Service.swift; sourceTree = "<group>"; };
		6A8950202A1421C300BAAE47 /* ConversationCell.swift */ = {isa = PBXFileReference; lastKnownFileType = sourcecode.swift; path = ConversationCell.swift; sourceTree = "<group>"; };
		6A8950222A1427DE00BAAE47 /* ConversationViewModel.swift */ = {isa = PBXFileReference; lastKnownFileType = sourcecode.swift; path = ConversationViewModel.swift; sourceTree = "<group>"; };
		6A9108E82A0EA64700D70DAC /* Constants.swift */ = {isa = PBXFileReference; lastKnownFileType = sourcecode.swift; path = Constants.swift; sourceTree = "<group>"; };
		6A92B63B29FC087E00A01706 /* GoogleService-Info.plist */ = {isa = PBXFileReference; fileEncoding = 4; lastKnownFileType = text.plist.xml; path = "GoogleService-Info.plist"; sourceTree = "<group>"; };
		6A96318C2A0D0F6200A4C7F2 /* MessageCell.swift */ = {isa = PBXFileReference; lastKnownFileType = sourcecode.swift; path = MessageCell.swift; sourceTree = "<group>"; };
		6A9A376629FAEE6A00809FD4 /* RegistrationViewModel.swift */ = {isa = PBXFileReference; lastKnownFileType = sourcecode.swift; path = RegistrationViewModel.swift; sourceTree = "<group>"; };
		6AA7E8F429FEEFBC00C3A31A /* NewMessageController.swift */ = {isa = PBXFileReference; lastKnownFileType = sourcecode.swift; path = NewMessageController.swift; sourceTree = "<group>"; };
		6AA9EC0629FD9370000BE32E /* AuthService.swift */ = {isa = PBXFileReference; lastKnownFileType = sourcecode.swift; path = AuthService.swift; sourceTree = "<group>"; };
		6AC11C732A06C48C009C88A4 /* ChatController.swift */ = {isa = PBXFileReference; lastKnownFileType = sourcecode.swift; path = ChatController.swift; sourceTree = "<group>"; };
		6AFFA9A629F6F68900EA2BD7 /* LoginViewModel.swift */ = {isa = PBXFileReference; lastKnownFileType = sourcecode.swift; path = LoginViewModel.swift; sourceTree = "<group>"; };
/* End PBXFileReference section */

/* Begin PBXFrameworksBuildPhase section */
		6A553D4429F2F83900C715AA /* Frameworks */ = {
			isa = PBXFrameworksBuildPhase;
			buildActionMask = 2147483647;
			files = (
				6A92B64A29FC09AD00A01706 /* SDWebImage in Frameworks */,
				6A92B64D29FC0A2800A01706 /* JGProgressHUD in Frameworks */,
				6A92B64529FC096200A01706 /* FirebaseMessaging in Frameworks */,
				6A92B64129FC096200A01706 /* FirebaseDatabase in Frameworks */,
				6A92B63F29FC096200A01706 /* FirebaseAuth in Frameworks */,
				6A92B64729FC096200A01706 /* FirebaseStorage in Frameworks */,
				6A92B64329FC096200A01706 /* FirebaseFirestore in Frameworks */,
			);
			runOnlyForDeploymentPostprocessing = 0;
		};
/* End PBXFrameworksBuildPhase section */

/* Begin PBXGroup section */
		6A41DCD529F4433D006F5420 /* Authantication */ = {
			isa = PBXGroup;
			children = (
				6A41DCD629F44395006F5420 /* LoginController.swift */,
				6A41DCD829F443AC006F5420 /* RegistrationController.swift */,
			);
			path = Authantication;
			sourceTree = "<group>";
		};
		6A553D3E29F2F83900C715AA = {
			isa = PBXGroup;
			children = (
				6A553D4929F2F83900C715AA /* ChatApp */,
				6A553D4829F2F83900C715AA /* Products */,
			);
			sourceTree = "<group>";
		};
		6A553D4829F2F83900C715AA /* Products */ = {
			isa = PBXGroup;
			children = (
				6A553D4729F2F83900C715AA /* ChatApp.app */,
			);
			name = Products;
			sourceTree = "<group>";
		};
		6A553D4929F2F83900C715AA /* ChatApp */ = {
			isa = PBXGroup;
			children = (
				6A553D6329F2F96A00C715AA /* Model */,
				6A553D6229F2F96900C715AA /* View */,
				6A553D6129F2F96800C715AA /* ViewModel */,
				6A553D5E29F2F88700C715AA /* Controller */,
				6A553D4A29F2F83900C715AA /* AppDelegate.swift */,
				6A553D4C29F2F83900C715AA /* SceneDelegate.swift */,
				6A553D4E29F2F83900C715AA /* ViewController.swift */,
				6A553D6529F2F96B00C715AA /* API */,
				6A553D6429F2F96B00C715AA /* Utils */,
				6A553D5029F2F83900C715AA /* Main.storyboard */,
				6A553D5329F2F83A00C715AA /* Assets.xcassets */,
				6A553D5529F2F83A00C715AA /* LaunchScreen.storyboard */,
				6A553D5829F2F83A00C715AA /* Info.plist */,
				6A92B63B29FC087E00A01706 /* GoogleService-Info.plist */,
			);
			path = ChatApp;
			sourceTree = "<group>";
		};
		6A553D5E29F2F88700C715AA /* Controller */ = {
			isa = PBXGroup;
			children = (
				6A41DCD529F4433D006F5420 /* Authantication */,
				6A553D5F29F2F89600C715AA /* ConversationController.swift */,
				6AA7E8F429FEEFBC00C3A31A /* NewMessageController.swift */,
				6AC11C732A06C48C009C88A4 /* ChatController.swift */,
			);
			path = Controller;
			sourceTree = "<group>";
		};
		6A553D6129F2F96800C715AA /* ViewModel */ = {
			isa = PBXGroup;
			children = (
				6A9A376829FAEE8900809FD4 /* Authentication */,
				6A3ACD332A0D19F0002EAD3D /* MessageViewModel.swift */,
				6A8950222A1427DE00BAAE47 /* ConversationViewModel.swift */,
			);
			path = ViewModel;
			sourceTree = "<group>";
		};
		6A553D6229F2F96900C715AA /* View */ = {
			isa = PBXGroup;
			children = (
				6A714CC329F5328E0000E882 /* InputContainerView.swift */,
				6A714CC529F532AD0000E882 /* CustomTextField.swift */,
				6A09FA412A00198E00DE3D10 /* UserCell.swift */,
				6A608CD02A06CEBF00437BD8 /* CustomImputAccessoryView.swift */,
				6A96318C2A0D0F6200A4C7F2 /* MessageCell.swift */,
				6A8950202A1421C300BAAE47 /* ConversationCell.swift */,
			);
			path = View;
			sourceTree = "<group>";
		};
		6A553D6329F2F96A00C715AA /* Model */ = {
			isa = PBXGroup;
			children = (
				6A756D852A00286E00A57C9D /* User.swift */,
				6A3ACD312A0D15B8002EAD3D /* Message.swift */,
			);
			path = Model;
			sourceTree = "<group>";
		};
		6A553D6429F2F96B00C715AA /* Utils */ = {
			isa = PBXGroup;
			children = (
				6A41DCDA29F449D1006F5420 /* Extensions.swift */,
				6A9108E82A0EA64700D70DAC /* Constants.swift */,
			);
			path = Utils;
			sourceTree = "<group>";
		};
		6A553D6529F2F96B00C715AA /* API */ = {
			isa = PBXGroup;
			children = (
				6AA9EC0629FD9370000BE32E /* AuthService.swift */,
				6A756D872A00288100A57C9D /* Service.swift */,
			);
			path = API;
			sourceTree = "<group>";
		};
		6A9A376829FAEE8900809FD4 /* Authentication */ = {
			isa = PBXGroup;
			children = (
				6AFFA9A629F6F68900EA2BD7 /* LoginViewModel.swift */,
				6A9A376629FAEE6A00809FD4 /* RegistrationViewModel.swift */,
			);
			path = Authentication;
			sourceTree = "<group>";
		};
/* End PBXGroup section */

/* Begin PBXNativeTarget section */
		6A553D4629F2F83900C715AA /* ChatApp */ = {
			isa = PBXNativeTarget;
			buildConfigurationList = 6A553D5B29F2F83A00C715AA /* Build configuration list for PBXNativeTarget "ChatApp" */;
			buildPhases = (
				6A553D4329F2F83900C715AA /* Sources */,
				6A553D4429F2F83900C715AA /* Frameworks */,
				6A553D4529F2F83900C715AA /* Resources */,
			);
			buildRules = (
			);
			dependencies = (
			);
			name = ChatApp;
			packageProductDependencies = (
				6A92B63E29FC096200A01706 /* FirebaseAuth */,
				6A92B64029FC096200A01706 /* FirebaseDatabase */,
				6A92B64229FC096200A01706 /* FirebaseFirestore */,
				6A92B64429FC096200A01706 /* FirebaseMessaging */,
				6A92B64629FC096200A01706 /* FirebaseStorage */,
				6A92B64929FC09AD00A01706 /* SDWebImage */,
				6A92B64C29FC0A2800A01706 /* JGProgressHUD */,
			);
			productName = ChatApp;
			productReference = 6A553D4729F2F83900C715AA /* ChatApp.app */;
			productType = "com.apple.product-type.application";
		};
/* End PBXNativeTarget section */

/* Begin PBXProject section */
		6A553D3F29F2F83900C715AA /* Project object */ = {
			isa = PBXProject;
			attributes = {
				BuildIndependentTargetsInParallel = 1;
				LastSwiftUpdateCheck = 1420;
				LastUpgradeCheck = 1420;
				TargetAttributes = {
					6A553D4629F2F83900C715AA = {
						CreatedOnToolsVersion = 14.2;
					};
				};
			};
			buildConfigurationList = 6A553D4229F2F83900C715AA /* Build configuration list for PBXProject "ChatApp" */;
			compatibilityVersion = "Xcode 14.0";
			developmentRegion = en;
			hasScannedForEncodings = 0;
			knownRegions = (
				en,
				Base,
			);
			mainGroup = 6A553D3E29F2F83900C715AA;
			packageReferences = (
				6A92B63D29FC096200A01706 /* XCRemoteSwiftPackageReference "firebase-ios-sdk" */,
				6A92B64829FC09AD00A01706 /* XCRemoteSwiftPackageReference "SDWebImage" */,
				6A92B64B29FC0A2800A01706 /* XCRemoteSwiftPackageReference "JGProgressHUD" */,
			);
			productRefGroup = 6A553D4829F2F83900C715AA /* Products */;
			projectDirPath = "";
			projectRoot = "";
			targets = (
				6A553D4629F2F83900C715AA /* ChatApp */,
			);
		};
/* End PBXProject section */

/* Begin PBXResourcesBuildPhase section */
		6A553D4529F2F83900C715AA /* Resources */ = {
			isa = PBXResourcesBuildPhase;
			buildActionMask = 2147483647;
			files = (
				6A553D5729F2F83A00C715AA /* LaunchScreen.storyboard in Resources */,
				6A92B63C29FC087E00A01706 /* GoogleService-Info.plist in Resources */,
				6A553D5429F2F83A00C715AA /* Assets.xcassets in Resources */,
				6A553D5229F2F83900C715AA /* Main.storyboard in Resources */,
			);
			runOnlyForDeploymentPostprocessing = 0;
		};
/* End PBXResourcesBuildPhase section */

/* Begin PBXSourcesBuildPhase section */
		6A553D4329F2F83900C715AA /* Sources */ = {
			isa = PBXSourcesBuildPhase;
			buildActionMask = 2147483647;
			files = (
				6A553D4F29F2F83900C715AA /* ViewController.swift in Sources */,
				6A9108E92A0EA64700D70DAC /* Constants.swift in Sources */,
				6A714CC429F5328E0000E882 /* InputContainerView.swift in Sources */,
				6A9A376729FAEE6A00809FD4 /* RegistrationViewModel.swift in Sources */,
				6AA9EC0729FD9370000BE32E /* AuthService.swift in Sources */,
				6A3ACD342A0D19F0002EAD3D /* MessageViewModel.swift in Sources */,
				6A553D4B29F2F83900C715AA /* AppDelegate.swift in Sources */,
				6A553D6029F2F89600C715AA /* ConversationController.swift in Sources */,
				6A09FA422A00198E00DE3D10 /* UserCell.swift in Sources */,
				6A553D4D29F2F83900C715AA /* SceneDelegate.swift in Sources */,
				6A756D862A00286E00A57C9D /* User.swift in Sources */,
				6A756D882A00288100A57C9D /* Service.swift in Sources */,
				6A96318D2A0D0F6200A4C7F2 /* MessageCell.swift in Sources */,
				6A8950232A1427DE00BAAE47 /* ConversationViewModel.swift in Sources */,
				6A608CD12A06CEBF00437BD8 /* CustomImputAccessoryView.swift in Sources */,
				6A41DCD929F443AC006F5420 /* RegistrationController.swift in Sources */,
				6A41DCD729F44395006F5420 /* LoginController.swift in Sources */,
				6A41DCDB29F449D1006F5420 /* Extensions.swift in Sources */,
				6AFFA9A729F6F68900EA2BD7 /* LoginViewModel.swift in Sources */,
				6AC11C742A06C48C009C88A4 /* ChatController.swift in Sources */,
				6A8950212A1421C300BAAE47 /* ConversationCell.swift in Sources */,
				6A3ACD322A0D15B8002EAD3D /* Message.swift in Sources */,
				6A714CC629F532AD0000E882 /* CustomTextField.swift in Sources */,
				6AA7E8F529FEEFBC00C3A31A /* NewMessageController.swift in Sources */,
			);
			runOnlyForDeploymentPostprocessing = 0;
		};
/* End PBXSourcesBuildPhase section */

/* Begin PBXVariantGroup section */
		6A553D5029F2F83900C715AA /* Main.storyboard */ = {
			isa = PBXVariantGroup;
			children = (
				6A553D5129F2F83900C715AA /* Base */,
			);
			name = Main.storyboard;
			sourceTree = "<group>";
		};
		6A553D5529F2F83A00C715AA /* LaunchScreen.storyboard */ = {
			isa = PBXVariantGroup;
			children = (
				6A553D5629F2F83A00C715AA /* Base */,
			);
			name = LaunchScreen.storyboard;
			sourceTree = "<group>";
		};
/* End PBXVariantGroup section */

/* Begin XCBuildConfiguration section */
		6A553D5929F2F83A00C715AA /* Debug */ = {
			isa = XCBuildConfiguration;
			buildSettings = {
				ALWAYS_SEARCH_USER_PATHS = NO;
				CLANG_ANALYZER_NONNULL = YES;
				CLANG_ANALYZER_NUMBER_OBJECT_CONVERSION = YES_AGGRESSIVE;
				CLANG_CXX_LANGUAGE_STANDARD = "gnu++20";
				CLANG_ENABLE_MODULES = YES;
				CLANG_ENABLE_OBJC_ARC = YES;
				CLANG_ENABLE_OBJC_WEAK = YES;
				CLANG_WARN_BLOCK_CAPTURE_AUTORELEASING = YES;
				CLANG_WARN_BOOL_CONVERSION = YES;
				CLANG_WARN_COMMA = YES;
				CLANG_WARN_CONSTANT_CONVERSION = YES;
				CLANG_WARN_DEPRECATED_OBJC_IMPLEMENTATIONS = YES;
				CLANG_WARN_DIRECT_OBJC_ISA_USAGE = YES_ERROR;
				CLANG_WARN_DOCUMENTATION_COMMENTS = YES;
				CLANG_WARN_EMPTY_BODY = YES;
				CLANG_WARN_ENUM_CONVERSION = YES;
				CLANG_WARN_INFINITE_RECURSION = YES;
				CLANG_WARN_INT_CONVERSION = YES;
				CLANG_WARN_NON_LITERAL_NULL_CONVERSION = YES;
				CLANG_WARN_OBJC_IMPLICIT_RETAIN_SELF = YES;
				CLANG_WARN_OBJC_LITERAL_CONVERSION = YES;
				CLANG_WARN_OBJC_ROOT_CLASS = YES_ERROR;
				CLANG_WARN_QUOTED_INCLUDE_IN_FRAMEWORK_HEADER = YES;
				CLANG_WARN_RANGE_LOOP_ANALYSIS = YES;
				CLANG_WARN_STRICT_PROTOTYPES = YES;
				CLANG_WARN_SUSPICIOUS_MOVE = YES;
				CLANG_WARN_UNGUARDED_AVAILABILITY = YES_AGGRESSIVE;
				CLANG_WARN_UNREACHABLE_CODE = YES;
				CLANG_WARN__DUPLICATE_METHOD_MATCH = YES;
				COPY_PHASE_STRIP = NO;
				DEBUG_INFORMATION_FORMAT = dwarf;
				ENABLE_STRICT_OBJC_MSGSEND = YES;
				ENABLE_TESTABILITY = YES;
				GCC_C_LANGUAGE_STANDARD = gnu11;
				GCC_DYNAMIC_NO_PIC = NO;
				GCC_NO_COMMON_BLOCKS = YES;
				GCC_OPTIMIZATION_LEVEL = 0;
				GCC_PREPROCESSOR_DEFINITIONS = (
					"DEBUG=1",
					"$(inherited)",
				);
				GCC_WARN_64_TO_32_BIT_CONVERSION = YES;
				GCC_WARN_ABOUT_RETURN_TYPE = YES_ERROR;
				GCC_WARN_UNDECLARED_SELECTOR = YES;
				GCC_WARN_UNINITIALIZED_AUTOS = YES_AGGRESSIVE;
				GCC_WARN_UNUSED_FUNCTION = YES;
				GCC_WARN_UNUSED_VARIABLE = YES;
				IPHONEOS_DEPLOYMENT_TARGET = 16.2;
				MTL_ENABLE_DEBUG_INFO = INCLUDE_SOURCE;
				MTL_FAST_MATH = YES;
				ONLY_ACTIVE_ARCH = YES;
				SDKROOT = iphoneos;
				SWIFT_ACTIVE_COMPILATION_CONDITIONS = DEBUG;
				SWIFT_OPTIMIZATION_LEVEL = "-Onone";
			};
			name = Debug;
		};
		6A553D5A29F2F83A00C715AA /* Release */ = {
			isa = XCBuildConfiguration;
			buildSettings = {
				ALWAYS_SEARCH_USER_PATHS = NO;
				CLANG_ANALYZER_NONNULL = YES;
				CLANG_ANALYZER_NUMBER_OBJECT_CONVERSION = YES_AGGRESSIVE;
				CLANG_CXX_LANGUAGE_STANDARD = "gnu++20";
				CLANG_ENABLE_MODULES = YES;
				CLANG_ENABLE_OBJC_ARC = YES;
				CLANG_ENABLE_OBJC_WEAK = YES;
				CLANG_WARN_BLOCK_CAPTURE_AUTORELEASING = YES;
				CLANG_WARN_BOOL_CONVERSION = YES;
				CLANG_WARN_COMMA = YES;
				CLANG_WARN_CONSTANT_CONVERSION = YES;
				CLANG_WARN_DEPRECATED_OBJC_IMPLEMENTATIONS = YES;
				CLANG_WARN_DIRECT_OBJC_ISA_USAGE = YES_ERROR;
				CLANG_WARN_DOCUMENTATION_COMMENTS = YES;
				CLANG_WARN_EMPTY_BODY = YES;
				CLANG_WARN_ENUM_CONVERSION = YES;
				CLANG_WARN_INFINITE_RECURSION = YES;
				CLANG_WARN_INT_CONVERSION = YES;
				CLANG_WARN_NON_LITERAL_NULL_CONVERSION = YES;
				CLANG_WARN_OBJC_IMPLICIT_RETAIN_SELF = YES;
				CLANG_WARN_OBJC_LITERAL_CONVERSION = YES;
				CLANG_WARN_OBJC_ROOT_CLASS = YES_ERROR;
				CLANG_WARN_QUOTED_INCLUDE_IN_FRAMEWORK_HEADER = YES;
				CLANG_WARN_RANGE_LOOP_ANALYSIS = YES;
				CLANG_WARN_STRICT_PROTOTYPES = YES;
				CLANG_WARN_SUSPICIOUS_MOVE = YES;
				CLANG_WARN_UNGUARDED_AVAILABILITY = YES_AGGRESSIVE;
				CLANG_WARN_UNREACHABLE_CODE = YES;
				CLANG_WARN__DUPLICATE_METHOD_MATCH = YES;
				COPY_PHASE_STRIP = NO;
				DEBUG_INFORMATION_FORMAT = "dwarf-with-dsym";
				ENABLE_NS_ASSERTIONS = NO;
				ENABLE_STRICT_OBJC_MSGSEND = YES;
				GCC_C_LANGUAGE_STANDARD = gnu11;
				GCC_NO_COMMON_BLOCKS = YES;
				GCC_WARN_64_TO_32_BIT_CONVERSION = YES;
				GCC_WARN_ABOUT_RETURN_TYPE = YES_ERROR;
				GCC_WARN_UNDECLARED_SELECTOR = YES;
				GCC_WARN_UNINITIALIZED_AUTOS = YES_AGGRESSIVE;
				GCC_WARN_UNUSED_FUNCTION = YES;
				GCC_WARN_UNUSED_VARIABLE = YES;
				IPHONEOS_DEPLOYMENT_TARGET = 16.2;
				MTL_ENABLE_DEBUG_INFO = NO;
				MTL_FAST_MATH = YES;
				SDKROOT = iphoneos;
				SWIFT_COMPILATION_MODE = wholemodule;
				SWIFT_OPTIMIZATION_LEVEL = "-O";
				VALIDATE_PRODUCT = YES;
			};
			name = Release;
		};
		6A553D5C29F2F83A00C715AA /* Debug */ = {
			isa = XCBuildConfiguration;
			buildSettings = {
				ASSETCATALOG_COMPILER_APPICON_NAME = AppIcon;
				ASSETCATALOG_COMPILER_GLOBAL_ACCENT_COLOR_NAME = AccentColor;
				CODE_SIGN_STYLE = Automatic;
				CURRENT_PROJECT_VERSION = 1;
				DEVELOPMENT_TEAM = 9PCQ5XC84W;
				GENERATE_INFOPLIST_FILE = YES;
				INFOPLIST_FILE = ChatApp/Info.plist;
				INFOPLIST_KEY_UIApplicationSupportsIndirectInputEvents = YES;
				INFOPLIST_KEY_UILaunchStoryboardName = LaunchScreen;
				INFOPLIST_KEY_UIMainStoryboardFile = Main;
				INFOPLIST_KEY_UISupportedInterfaceOrientations_iPad = "UIInterfaceOrientationPortrait UIInterfaceOrientationPortraitUpsideDown UIInterfaceOrientationLandscapeLeft UIInterfaceOrientationLandscapeRight";
				INFOPLIST_KEY_UISupportedInterfaceOrientations_iPhone = "UIInterfaceOrientationPortrait UIInterfaceOrientationLandscapeLeft UIInterfaceOrientationLandscapeRight";
				LD_RUNPATH_SEARCH_PATHS = (
					"$(inherited)",
					"@executable_path/Frameworks",
				);
				MARKETING_VERSION = 1.0;
				PRODUCT_BUNDLE_IDENTIFIER = io.github.mustafos.ChatApp;
				PRODUCT_NAME = "$(TARGET_NAME)";
				SWIFT_EMIT_LOC_STRINGS = YES;
				SWIFT_VERSION = 5.0;
				TARGETED_DEVICE_FAMILY = "1,2";
			};
			name = Debug;
		};
		6A553D5D29F2F83A00C715AA /* Release */ = {
			isa = XCBuildConfiguration;
			buildSettings = {
				ASSETCATALOG_COMPILER_APPICON_NAME = AppIcon;
				ASSETCATALOG_COMPILER_GLOBAL_ACCENT_COLOR_NAME = AccentColor;
				CODE_SIGN_STYLE = Automatic;
				CURRENT_PROJECT_VERSION = 1;
				DEVELOPMENT_TEAM = 9PCQ5XC84W;
				GENERATE_INFOPLIST_FILE = YES;
				INFOPLIST_FILE = ChatApp/Info.plist;
				INFOPLIST_KEY_UIApplicationSupportsIndirectInputEvents = YES;
				INFOPLIST_KEY_UILaunchStoryboardName = LaunchScreen;
				INFOPLIST_KEY_UIMainStoryboardFile = Main;
				INFOPLIST_KEY_UISupportedInterfaceOrientations_iPad = "UIInterfaceOrientationPortrait UIInterfaceOrientationPortraitUpsideDown UIInterfaceOrientationLandscapeLeft UIInterfaceOrientationLandscapeRight";
				INFOPLIST_KEY_UISupportedInterfaceOrientations_iPhone = "UIInterfaceOrientationPortrait UIInterfaceOrientationLandscapeLeft UIInterfaceOrientationLandscapeRight";
				LD_RUNPATH_SEARCH_PATHS = (
					"$(inherited)",
					"@executable_path/Frameworks",
				);
				MARKETING_VERSION = 1.0;
				PRODUCT_BUNDLE_IDENTIFIER = io.github.mustafos.ChatApp;
				PRODUCT_NAME = "$(TARGET_NAME)";
				SWIFT_EMIT_LOC_STRINGS = YES;
				SWIFT_VERSION = 5.0;
				TARGETED_DEVICE_FAMILY = "1,2";
			};
			name = Release;
		};
/* End XCBuildConfiguration section */

/* Begin XCConfigurationList section */
		6A553D4229F2F83900C715AA /* Build configuration list for PBXProject "ChatApp" */ = {
			isa = XCConfigurationList;
			buildConfigurations = (
				6A553D5929F2F83A00C715AA /* Debug */,
				6A553D5A29F2F83A00C715AA /* Release */,
			);
			defaultConfigurationIsVisible = 0;
			defaultConfigurationName = Release;
		};
		6A553D5B29F2F83A00C715AA /* Build configuration list for PBXNativeTarget "ChatApp" */ = {
			isa = XCConfigurationList;
			buildConfigurations = (
				6A553D5C29F2F83A00C715AA /* Debug */,
				6A553D5D29F2F83A00C715AA /* Release */,
			);
			defaultConfigurationIsVisible = 0;
			defaultConfigurationName = Release;
		};
/* End XCConfigurationList section */

/* Begin XCRemoteSwiftPackageReference section */
		6A92B63D29FC096200A01706 /* XCRemoteSwiftPackageReference "firebase-ios-sdk" */ = {
			isa = XCRemoteSwiftPackageReference;
			repositoryURL = "https://github.com/firebase/firebase-ios-sdk";
			requirement = {
				branch = master;
				kind = branch;
			};
		};
		6A92B64829FC09AD00A01706 /* XCRemoteSwiftPackageReference "SDWebImage" */ = {
			isa = XCRemoteSwiftPackageReference;
			repositoryURL = "https://github.com/SDWebImage/SDWebImage";
			requirement = {
				kind = upToNextMajorVersion;
				minimumVersion = 5.0.0;
			};
		};
		6A92B64B29FC0A2800A01706 /* XCRemoteSwiftPackageReference "JGProgressHUD" */ = {
			isa = XCRemoteSwiftPackageReference;
			repositoryURL = "https://github.com/JonasGessner/JGProgressHUD";
			requirement = {
				kind = upToNextMajorVersion;
				minimumVersion = 2.0.0;
			};
		};
/* End XCRemoteSwiftPackageReference section */

/* Begin XCSwiftPackageProductDependency section */
		6A92B63E29FC096200A01706 /* FirebaseAuth */ = {
			isa = XCSwiftPackageProductDependency;
			package = 6A92B63D29FC096200A01706 /* XCRemoteSwiftPackageReference "firebase-ios-sdk" */;
			productName = FirebaseAuth;
		};
		6A92B64029FC096200A01706 /* FirebaseDatabase */ = {
			isa = XCSwiftPackageProductDependency;
			package = 6A92B63D29FC096200A01706 /* XCRemoteSwiftPackageReference "firebase-ios-sdk" */;
			productName = FirebaseDatabase;
		};
		6A92B64229FC096200A01706 /* FirebaseFirestore */ = {
			isa = XCSwiftPackageProductDependency;
			package = 6A92B63D29FC096200A01706 /* XCRemoteSwiftPackageReference "firebase-ios-sdk" */;
			productName = FirebaseFirestore;
		};
		6A92B64429FC096200A01706 /* FirebaseMessaging */ = {
			isa = XCSwiftPackageProductDependency;
			package = 6A92B63D29FC096200A01706 /* XCRemoteSwiftPackageReference "firebase-ios-sdk" */;
			productName = FirebaseMessaging;
		};
		6A92B64629FC096200A01706 /* FirebaseStorage */ = {
			isa = XCSwiftPackageProductDependency;
			package = 6A92B63D29FC096200A01706 /* XCRemoteSwiftPackageReference "firebase-ios-sdk" */;
			productName = FirebaseStorage;
		};
		6A92B64929FC09AD00A01706 /* SDWebImage */ = {
			isa = XCSwiftPackageProductDependency;
			package = 6A92B64829FC09AD00A01706 /* XCRemoteSwiftPackageReference "SDWebImage" */;
			productName = SDWebImage;
		};
		6A92B64C29FC0A2800A01706 /* JGProgressHUD */ = {
			isa = XCSwiftPackageProductDependency;
			package = 6A92B64B29FC0A2800A01706 /* XCRemoteSwiftPackageReference "JGProgressHUD" */;
			productName = JGProgressHUD;
		};
/* End XCSwiftPackageProductDependency section */
	};
	rootObject = 6A553D3F29F2F83900C715AA /* Project object */;
}
